uuid: 29cc42fa-cb1a-427d-a1d9-d5a70c352193
langcode: en
status: true
dependencies:
  config:
    - views.view.page_footer_section_block
  module:
    - views
  theme:
    - cu2017
id: views_block__page_footer_section_block_page_footer_block
theme: cu2017
region: footer
weight: 0
provider: null
plugin: 'views_block:page_footer_section_block-page_footer_block'
settings:
  id: 'views_block:page_footer_section_block-page_footer_block'
  label: ''
  provider: views
  label_display: '0'
  views_label: ''
  items_per_page: none
visibility: {  }
