uuid: 3490dcc7-8f2d-4a64-9248-73af0625b318
langcode: en
status: true
dependencies:
  config:
    - taxonomy.vocabulary.site_section_vocabulary
  module:
    - taxonomy
    - text
    - user
id: page_footer_section_block
label: 'Footer Section of Site'
module: views
description: 'Per site create this address to put in footer section'
tag: ''
base_table: taxonomy_term_field_data
base_field: tid
core: 8.x
display:
  default:
    display_plugin: default
    id: default
    display_title: Master
    position: 0
    display_options:
      access:
        type: perm
        options:
          perm: 'access content'
      cache:
        type: tag
        options: {  }
      query:
        type: views_query
        options:
          disable_sql_rewrite: false
          distinct: false
          replica: false
          query_comment: ''
          query_tags: {  }
      exposed_form:
        type: basic
        options:
          submit_button: Apply
          reset_button: false
          reset_button_label: Reset
          exposed_sorts_label: 'Sort by'
          expose_sort_order: true
          sort_asc_label: Asc
          sort_desc_label: Desc
      pager:
        type: some
        options:
          items_per_page: 1
          offset: 0
      style:
        type: default
      row:
        type: fields
      fields:
        description__value:
          id: description__value
          table: taxonomy_term_field_data
          field: description__value
          relationship: none
          group_type: group
          admin_label: ''
          label: ''
          exclude: false
          alter:
            alter_text: false
            text: ''
            make_link: false
            path: ''
            absolute: false
            external: false
            replace_spaces: false
            path_case: none
            trim_whitespace: false
            alt: ''
            rel: ''
            link_class: ''
            prefix: ''
            suffix: ''
            target: ''
            nl2br: false
            max_length: 0
            word_boundary: true
            ellipsis: true
            more_link: false
            more_link_text: ''
            more_link_path: ''
            strip_tags: false
            trim: false
            preserve_tags: ''
            html: false
          element_type: ''
          element_class: ''
          element_label_type: ''
          element_label_class: ''
          element_label_colon: false
          element_wrapper_type: ''
          element_wrapper_class: ''
          element_default_classes: true
          empty: ''
          hide_empty: false
          empty_zero: false
          hide_alter_empty: true
          click_sort_column: value
          type: text_default
          settings: {  }
          group_column: value
          group_columns: {  }
          group_rows: true
          delta_limit: 0
          delta_offset: 0
          delta_reversed: false
          delta_first_last: false
          multi_type: separator
          separator: ', '
          field_api_classes: false
          entity_type: taxonomy_term
          entity_field: description
          plugin_id: field
      filters:
        status:
          value: '1'
          table: taxonomy_term_field_data
          field: status
          plugin_id: boolean
          entity_type: taxonomy_term
          entity_field: status
          id: status
          expose:
            operator: ''
          group: 1
        vid:
          id: vid
          table: taxonomy_term_field_data
          field: vid
          value:
            site_section_vocabulary: site_section_vocabulary
          entity_type: taxonomy_term
          entity_field: vid
          plugin_id: bundle
      sorts: {  }
      title: 'Footer Section of Site'
      header: {  }
      footer: {  }
      empty:
        area:
          id: area
          table: views
          field: area
          relationship: none
          group_type: group
          admin_label: ''
          empty: true
          tokenize: false
          content:
            value: "<section id=\"block-footercontactblock\" class=\"contextual-region block block-cu-footer-contact block-footercontactblock clearfix\" data-block-plugin-id=\"footercontactblock\">\r\n  \r\n    <div data-contextual-id=\"block:block=footercontactblock:langcode=en\" data-contextual-token=\"eAuhTwiEJ6U6H_59bNxvdNs1nVUpUbQK6yis1WFTdNc\" class=\"contextual\" role=\"form\"><button class=\"trigger focusable visually-hidden\" type=\"button\" aria-pressed=\"false\">Open  configuration options</button><ul class=\"contextual-links links\" hidden=\"\"><li class=\"block-configure\"><a href=\"/admin/structure/block/manage/footercontactblock?destination=/node/221\">Configure block</a></li></ul></div>\r\n\r\n      <p>2500 California Plaza | Omaha, NE 68178</p><p>402.280.2700 | <a href=\"https://www.creighton.edu\">creighton.edu</a> | <a href=\"https://www.creighton.edu/ask\">Ask a Question</a></p><h5>© 2018 Creighton University</h5>\r\n  </section>"
            format: full_html
          plugin_id: text
      relationships: {  }
      arguments: {  }
      display_extenders: {  }
    cache_metadata:
      max-age: -1
      contexts:
        - 'languages:language_content'
        - 'languages:language_interface'
        - user.permissions
      tags: {  }
  page_footer_block:
    display_plugin: block
    id: page_footer_block
    display_title: page_footer_section_block
    position: 1
    display_options:
      display_extenders: {  }
      display_description: ''
    cache_metadata:
      max-age: -1
      contexts:
        - 'languages:language_content'
        - 'languages:language_interface'
        - user.permissions
      tags: {  }
