uuid: c5a42fca-f131-43cb-a507-8143975d3c7a
langcode: en
status: false
dependencies:
  module:
    - cu_footer_badge
  theme:
    - cu2019_grad
id: cu2019_grad_footerbadgeblock
theme: cu2019_grad
region: footer_top
weight: -11
provider: null
plugin: footerbadgeblock
settings:
  id: footerbadgeblock
  label: 'Footer Badge block'
  provider: cu_footer_badge
  label_display: '0'
visibility: {  }
