uuid: 6164652e-7190-4a0c-b0df-7dd04d598508
langcode: en
status: false
dependencies:
  module:
    - cu_footer_contact
  theme:
    - cu2019_grad
id: cu2019_grad_footercontactblock
theme: cu2019_grad
region: footer_top
weight: -9
provider: null
plugin: footercontactblock
settings:
  id: footercontactblock
  label: 'Footer Contact block'
  provider: cu_footer_contact
  label_display: '0'
visibility: {  }
